// !$*UTF8*$!
{
	archiveVersion = 1;
	classes = {
	};
	objectVersion = 50;
	objects = {

/* Begin PBXBuildFile section */
		7F4B70AE2330DA0200D8586D /* AppDelegate.m in Sources */ = {isa = PBXBuildFile; fileRef = 7F4B70AD2330DA0200D8586D /* AppDelegate.m */; };
		7F4B70B12330DA0200D8586D /* ViewController.m in Sources */ = {isa = PBXBuildFile; fileRef = 7F4B70B02330DA0200D8586D /* ViewController.m */; };
		7F4B70B42330DA0200D8586D /* Main.storyboard in Resources */ = {isa = PBXBuildFile; fileRef = 7F4B70B22330DA0200D8586D /* Main.storyboard */; };
		7F4B70B62330DA2900D8586D /* Assets.xcassets in Resources */ = {isa = PBXBuildFile; fileRef = 7F4B70B52330DA2900D8586D /* Assets.xcassets */; };
		7F4B70B92330DA2900D8586D /* LaunchScreen.storyboard in Resources */ = {isa = PBXBuildFile; fileRef = 7F4B70B72330DA2900D8586D /* LaunchScreen.storyboard */; };
		7F4B70BC2330DA2A00D8586D /* main.m in Sources */ = {isa = PBXBuildFile; fileRef = 7F4B70BB2330DA2A00D8586D /* main.m */; };
		D4C8365706A858877742C0BF /* libPods-POP.a in Frameworks */ = {isa = PBXBuildFile; fileRef = 55E2580A4A29127488D1B650 /* libPods-POP.a */; };
/* End PBXBuildFile section */

/* Begin PBXFileReference section */
		357FA2F1B3BB5FA503F1FF55 /* Pods-POP.release.xcconfig */ = {isa = PBXFileReference; includeInIndex = 1; lastKnownFileType = text.xcconfig; name = "Pods-POP.release.xcconfig"; path = "Target Support Files/Pods-POP/Pods-POP.release.xcconfig"; sourceTree = "<group>"; };
		55E2580A4A29127488D1B650 /* libPods-POP.a */ = {isa = PBXFileReference; explicitFileType = archive.ar; includeInIndex = 0; path = "libPods-POP.a"; sourceTree = BUILT_PRODUCTS_DIR; };
		7F4B70A92330DA0200D8586D /* POP.app */ = {isa = PBXFileReference; explicitFileType = wrapper.application; includeInIndex = 0; path = POP.app; sourceTree = BUILT_PRODUCTS_DIR; };
		7F4B70AC2330DA0200D8586D /* AppDelegate.h */ = {isa = PBXFileReference; lastKnownFileType = sourcecode.c.h; path = AppDelegate.h; sourceTree = "<group>"; };
		7F4B70AD2330DA0200D8586D /* AppDelegate.m */ = {isa = PBXFileReference; lastKnownFileType = sourcecode.c.objc; path = AppDelegate.m; sourceTree = "<group>"; };
		7F4B70AF2330DA0200D8586D /* ViewController.h */ = {isa = PBXFileReference; lastKnownFileType = sourcecode.c.h; path = ViewController.h; sourceTree = "<group>"; };
		7F4B70B02330DA0200D8586D /* ViewController.m */ = {isa = PBXFileReference; lastKnownFileType = sourcecode.c.objc; path = ViewController.m; sourceTree = "<group>"; };
		7F4B70B32330DA0200D8586D /* Base */ = {isa = PBXFileReference; lastKnownFileType = file.storyboard; name = Base; path = Base.lproj/Main.storyboard; sourceTree = "<group>"; };
		7F4B70B52330DA2900D8586D /* Assets.xcassets */ = {isa = PBXFileReference; lastKnownFileType = folder.assetcatalog; path = Assets.xcassets; sourceTree = "<group>"; };
		7F4B70B82330DA2900D8586D /* Base */ = {isa = PBXFileReference; lastKnownFileType = file.storyboard; name = Base; path = Base.lproj/LaunchScreen.storyboard; sourceTree = "<group>"; };
		7F4B70BA2330DA2A00D8586D /* Info.plist */ = {isa = PBXFileReference; lastKnownFileType = text.plist.xml; path = Info.plist; sourceTree = "<group>"; };
		7F4B70BB2330DA2A00D8586D /* main.m */ = {isa = PBXFileReference; lastKnownFileType = sourcecode.c.objc; path = main.m; sourceTree = "<group>"; };
		A6F2D0B50360A84B66B5B1ED /* Pods-POP.debug.xcconfig */ = {isa = PBXFileReference; includeInIndex = 1; lastKnownFileType = text.xcconfig; name = "Pods-POP.debug.xcconfig"; path = "Target Support Files/Pods-POP/Pods-POP.debug.xcconfig"; sourceTree = "<group>"; };
/* End PBXFileReference section */

/* Begin PBXFrameworksBuildPhase section */
		7F4B70A62330DA0200D8586D /* Frameworks */ = {
			isa = PBXFrameworksBuildPhase;
			buildActionMask = 2147483647;
			files = (
				D4C8365706A858877742C0BF /* libPods-POP.a in Frameworks */,
			);
			runOnlyForDeploymentPostprocessing = 0;
		};
/* End PBXFrameworksBuildPhase section */

/* Begin PBXGroup section */
		3C4234C76D648B5EEBD64294 /* Pods */ = {
			isa = PBXGroup;
			children = (
				A6F2D0B50360A84B66B5B1ED /* Pods-POP.debug.xcconfig */,
				357FA2F1B3BB5FA503F1FF55 /* Pods-POP.release.xcconfig */,
			);
			name = Pods;
			path = Pods;
			sourceTree = "<group>";
		};
		7F4B70A02330DA0200D8586D = {
			isa = PBXGroup;
			children = (
				7F4B70AB2330DA0200D8586D /* POP */,
				7F4B70AA2330DA0200D8586D /* Products */,
				3C4234C76D648B5EEBD64294 /* Pods */,
				94E807E3D1F97E4A8D332C59 /* Frameworks */,
			);
			sourceTree = "<group>";
		};
		7F4B70AA2330DA0200D8586D /* Products */ = {
			isa = PBXGroup;
			children = (
				7F4B70A92330DA0200D8586D /* POP.app */,
			);
			name = Products;
			sourceTree = "<group>";
		};
		7F4B70AB2330DA0200D8586D /* POP */ = {
			isa = PBXGroup;
			children = (
				7F4B70AC2330DA0200D8586D /* AppDelegate.h */,
				7F4B70AD2330DA0200D8586D /* AppDelegate.m */,
				7F4B70AF2330DA0200D8586D /* ViewController.h */,
				7F4B70B02330DA0200D8586D /* ViewController.m */,
				7F4B70B22330DA0200D8586D /* Main.storyboard */,
				7F4B70B52330DA2900D8586D /* Assets.xcassets */,
				7F4B70B72330DA2900D8586D /* LaunchScreen.storyboard */,
				7F4B70BA2330DA2A00D8586D /* Info.plist */,
				7F4B70BB2330DA2A00D8586D /* main.m */,
			);
			path = POP;
			sourceTree = "<group>";
		};
		94E807E3D1F97E4A8D332C59 /* Frameworks */ = {
			isa = PBXGroup;
			children = (
				55E2580A4A29127488D1B650 /* libPods-POP.a */,
			);
			name = Frameworks;
			sourceTree = "<group>";
		};
/* End PBXGroup section */

/* Begin PBXNativeTarget section */
		7F4B70A82330DA0200D8586D /* POP */ = {
			isa = PBXNativeTarget;
			buildConfigurationList = 7F4B70BF2330DA2A00D8586D /* Build configuration list for PBXNativeTarget "POP" */;
			buildPhases = (
				80F76C7E86B94144A89D092D /* [CP] Check Pods Manifest.lock */,
				7F4B70A52330DA0200D8586D /* Sources */,
				7F4B70A62330DA0200D8586D /* Frameworks */,
				7F4B70A72330DA0200D8586D /* Resources */,
			);
			buildRules = (
			);
			dependencies = (
			);
			name = POP;
			productName = POP;
			productReference = 7F4B70A92330DA0200D8586D /* POP.app */;
			productType = "com.apple.product-type.application";
		};
/* End PBXNativeTarget section */

/* Begin PBXProject section */
		7F4B70A12330DA0200D8586D /* Project object */ = {
			isa = PBXProject;
			attributes = {
				LastUpgradeCheck = 1030;
				ORGANIZATIONNAME = "浙大网新中研软件";
				TargetAttributes = {
					7F4B70A82330DA0200D8586D = {
						CreatedOnToolsVersion = 10.3;
					};
				};
			};
			buildConfigurationList = 7F4B70A42330DA0200D8586D /* Build configuration list for PBXProject "POP" */;
			compatibilityVersion = "Xcode 9.3";
			developmentRegion = en;
			hasScannedForEncodings = 0;
			knownRegions = (
				en,
				Base,
			);
			mainGroup = 7F4B70A02330DA0200D8586D;
			productRefGroup = 7F4B70AA2330DA0200D8586D /* Products */;
			projectDirPath = "";
			projectRoot = "";
			targets = (
				7F4B70A82330DA0200D8586D /* POP */,
			);
		};
/* End PBXProject section */

/* Begin PBXResourcesBuildPhase section */
		7F4B70A72330DA0200D8586D /* Resources */ = {
			isa = PBXResourcesBuildPhase;
			buildActionMask = 2147483647;
			files = (
				7F4B70B92330DA2900D8586D /* LaunchScreen.storyboard in Resources */,
				7F4B70B62330DA2900D8586D /* Assets.xcassets in Resources */,
				7F4B70B42330DA0200D8586D /* Main.storyboard in Resources */,
			);
			runOnlyForDeploymentPostprocessing = 0;
		};
/* End PBXResourcesBuildPhase section */

/* Begin PBXShellScriptBuildPhase section */
		80F76C7E86B94144A89D092D /* [CP] Check Pods Manifest.lock */ = {
			isa = PBXShellScriptBuildPhase;
			buildActionMask = 2147483647;
			files = (
			);
			inputFileListPaths = (
			);
			inputPaths = (
				"${PODS_PODFILE_DIR_PATH}/Podfile.lock",
				"${PODS_ROOT}/Manifest.lock",
			);
			name = "[CP] Check Pods Manifest.lock";
			outputFileListPaths = (
			);
			outputPaths = (
				"$(DERIVED_FILE_DIR)/Pods-POP-checkManifestLockResult.txt",
			);
			runOnlyForDeploymentPostprocessing = 0;
			shellPath = /bin/sh;
			shellScript = "diff \"${PODS_PODFILE_DIR_PATH}/Podfile.lock\" \"${PODS_ROOT}/Manifest.lock\" > /dev/null\nif [ $? != 0 ] ; then\n    # print error to STDERR\n    echo \"error: The sandbox is not in sync with the Podfile.lock. Run 'pod install' or update your CocoaPods installation.\" >&2\n    exit 1\nfi\n# This output is used by Xcode 'outputs' to avoid re-running this script phase.\necho \"SUCCESS\" > \"${SCRIPT_OUTPUT_FILE_0}\"\n";
			showEnvVarsInLog = 0;
		};
/* End PBXShellScriptBuildPhase section */

/* Begin PBXSourcesBuildPhase section */
		7F4B70A52330DA0200D8586D /* Sources */ = {
			isa = PBXSourcesBuildPhase;
			buildActionMask = 2147483647;
			files = (
				7F4B70B12330DA0200D8586D /* ViewController.m in Sources */,
				7F4B70BC2330DA2A00D8586D /* main.m in Sources */,
				7F4B70AE2330DA0200D8586D /* AppDelegate.m in Sources */,
			);
			runOnlyForDeploymentPostprocessing = 0;
		};
/* End PBXSourcesBuildPhase section */

/* Begin PBXVariantGroup section */
		7F4B70B22330DA0200D8586D /* Main.storyboard */ = {
			isa = PBXVariantGroup;
			children = (
				7F4B70B32330DA0200D8586D /* Base */,
			);
			name = Main.storyboard;
			sourceTree = "<group>";
		};
		7F4B70B72330DA2900D8586D /* LaunchScreen.storyboard */ = {
			isa = PBXVariantGroup;
			children = (
				7F4B70B82330DA2900D8586D /* Base */,
			);
			name = LaunchScreen.storyboard;
			sourceTree = "<group>";
		};
/* End PBXVariantGroup section */

/* Begin XCBuildConfiguration section */
		7F4B70BD2330DA2A00D8586D /* Debug */ = {
			isa = XCBuildConfiguration;
			buildSettings = {
				ALWAYS_SEARCH_USER_PATHS = NO;
				CLANG_ANALYZER_NONNULL = YES;
				CLANG_ANALYZER_NUMBER_OBJECT_CONVERSION = YES_AGGRESSIVE;
				CLANG_CXX_LANGUAGE_STANDARD = "gnu++14";
				CLANG_CXX_LIBRARY = "libc++";
				CLANG_ENABLE_MODULES = YES;
				CLANG_ENABLE_OBJC_ARC = YES;
				CLANG_ENABLE_OBJC_WEAK = YES;
				CLANG_WARN_BLOCK_CAPTURE_AUTORELEASING = YES;
				CLANG_WARN_BOOL_CONVERSION = YES;
				CLANG_WARN_COMMA = YES;
				CLANG_WARN_CONSTANT_CONVERSION = YES;
				CLANG_WARN_DEPRECATED_OBJC_IMPLEMENTATIONS = YES;
				CLANG_WARN_DIRECT_OBJC_ISA_USAGE = YES_ERROR;
				CLANG_WARN_DOCUMENTATION_COMMENTS = YES;
				CLANG_WARN_EMPTY_BODY = YES;
				CLANG_WARN_ENUM_CONVERSION = YES;
				CLANG_WARN_INFINITE_RECURSION = YES;
				CLANG_WARN_INT_CONVERSION = YES;
				CLANG_WARN_NON_LITERAL_NULL_CONVERSION = YES;
				CLANG_WARN_OBJC_IMPLICIT_RETAIN_SELF = YES;
				CLANG_WARN_OBJC_LITERAL_CONVERSION = YES;
				CLANG_WARN_OBJC_ROOT_CLASS = YES_ERROR;
				CLANG_WARN_RANGE_LOOP_ANALYSIS = YES;
				CLANG_WARN_STRICT_PROTOTYPES = YES;
				CLANG_WARN_SUSPICIOUS_MOVE = YES;
				CLANG_WARN_UNGUARDED_AVAILABILITY = YES_AGGRESSIVE;
				CLANG_WARN_UNREACHABLE_CODE = YES;
				CLANG_WARN__DUPLICATE_METHOD_MATCH = YES;
				CODE_SIGN_IDENTITY = "iPhone Developer";
				COPY_PHASE_STRIP = NO;
				DEBUG_INFORMATION_FORMAT = dwarf;
				ENABLE_STRICT_OBJC_MSGSEND = YES;
				ENABLE_TESTABILITY = YES;
				GCC_C_LANGUAGE_STANDARD = gnu11;
				GCC_DYNAMIC_NO_PIC = NO;
				GCC_NO_COMMON_BLOCKS = YES;
				GCC_OPTIMIZATION_LEVEL = 0;
				GCC_PREPROCESSOR_DEFINITIONS = (
					"DEBUG=1",
					"$(inherited)",
				);
				GCC_WARN_64_TO_32_BIT_CONVERSION = YES;
				GCC_WARN_ABOUT_RETURN_TYPE = YES_ERROR;
				GCC_WARN_UNDECLARED_SELECTOR = YES;
				GCC_WARN_UNINITIALIZED_AUTOS = YES_AGGRESSIVE;
				GCC_WARN_UNUSED_FUNCTION = YES;
				GCC_WARN_UNUSED_VARIABLE = YES;
				IPHONEOS_DEPLOYMENT_TARGET = 12.4;
				MTL_ENABLE_DEBUG_INFO = INCLUDE_SOURCE;
				MTL_FAST_MATH = YES;
				ONLY_ACTIVE_ARCH = YES;
				SDKROOT = iphoneos;
			};
			name = Debug;
		};
		7F4B70BE2330DA2A00D8586D /* Release */ = {
			isa = XCBuildConfiguration;
			buildSettings = {
				ALWAYS_SEARCH_USER_PATHS = NO;
				CLANG_ANALYZER_NONNULL = YES;
				CLANG_ANALYZER_NUMBER_OBJECT_CONVERSION = YES_AGGRESSIVE;
				CLANG_CXX_LANGUAGE_STANDARD = "gnu++14";
				CLANG_CXX_LIBRARY = "libc++";
				CLANG_ENABLE_MODULES = YES;
				CLANG_ENABLE_OBJC_ARC = YES;
				CLANG_ENABLE_OBJC_WEAK = YES;
				CLANG_WARN_BLOCK_CAPTURE_AUTORELEASING = YES;
				CLANG_WARN_BOOL_CONVERSION = YES;
				CLANG_WARN_COMMA = YES;
				CLANG_WARN_CONSTANT_CONVERSION = YES;
				CLANG_WARN_DEPRECATED_OBJC_IMPLEMENTATIONS = YES;
				CLANG_WARN_DIRECT_OBJC_ISA_USAGE = YES_ERROR;
				CLANG_WARN_DOCUMENTATION_COMMENTS = YES;
				CLANG_WARN_EMPTY_BODY = YES;
				CLANG_WARN_ENUM_CONVERSION = YES;
				CLANG_WARN_INFINITE_RECURSION = YES;
				CLANG_WARN_INT_CONVERSION = YES;
				CLANG_WARN_NON_LITERAL_NULL_CONVERSION = YES;
				CLANG_WARN_OBJC_IMPLICIT_RETAIN_SELF = YES;
				CLANG_WARN_OBJC_LITERAL_CONVERSION = YES;
				CLANG_WARN_OBJC_ROOT_CLASS = YES_ERROR;
				CLANG_WARN_RANGE_LOOP_ANALYSIS = YES;
				CLANG_WARN_STRICT_PROTOTYPES = YES;
				CLANG_WARN_SUSPICIOUS_MOVE = YES;
				CLANG_WARN_UNGUARDED_AVAILABILITY = YES_AGGRESSIVE;
				CLANG_WARN_UNREACHABLE_CODE = YES;
				CLANG_WARN__DUPLICATE_METHOD_MATCH = YES;
				CODE_SIGN_IDENTITY = "iPhone Developer";
				COPY_PHASE_STRIP = NO;
				DEBUG_INFORMATION_FORMAT = "dwarf-with-dsym";
				ENABLE_NS_ASSERTIONS = NO;
				ENABLE_STRICT_OBJC_MSGSEND = YES;
				GCC_C_LANGUAGE_STANDARD = gnu11;
				GCC_NO_COMMON_BLOCKS = YES;
				GCC_WARN_64_TO_32_BIT_CONVERSION = YES;
				GCC_WARN_ABOUT_RETURN_TYPE = YES_ERROR;
				GCC_WARN_UNDECLARED_SELECTOR = YES;
				GCC_WARN_UNINITIALIZED_AUTOS = YES_AGGRESSIVE;
				GCC_WARN_UNUSED_FUNCTION = YES;
				GCC_WARN_UNUSED_VARIABLE = YES;
				IPHONEOS_DEPLOYMENT_TARGET = 12.4;
				MTL_ENABLE_DEBUG_INFO = NO;
				MTL_FAST_MATH = YES;
				SDKROOT = iphoneos;
				VALIDATE_PRODUCT = YES;
			};
			name = Release;
		};
		7F4B70C02330DA2A00D8586D /* Debug */ = {
			isa = XCBuildConfiguration;
			baseConfigurationReference = A6F2D0B50360A84B66B5B1ED /* Pods-POP.debug.xcconfig */;
			buildSettings = {
				ASSETCATALOG_COMPILER_APPICON_NAME = AppIcon;
				CODE_SIGN_STYLE = Automatic;
				DEVELOPMENT_TEAM = SQ4WQQ77Y9;
				INFOPLIST_FILE = POP/Info.plist;
				LD_RUNPATH_SEARCH_PATHS = (
					"$(inherited)",
					"@executable_path/Frameworks",
				);
				PRODUCT_BUNDLE_IDENTIFIER = com.centralsoft.POP;
				PRODUCT_NAME = "$(TARGET_NAME)";
				TARGETED_DEVICE_FAMILY = "1,2";
			};
			name = Debug;
		};
		7F4B70C12330DA2A00D8586D /* Release */ = {
			isa = XCBuildConfiguration;
			baseConfigurationReference = 357FA2F1B3BB5FA503F1FF55 /* Pods-POP.release.xcconfig */;
			buildSettings = {
				ASSETCATALOG_COMPILER_APPICON_NAME = AppIcon;
				CODE_SIGN_STYLE = Automatic;
				DEVELOPMENT_TEAM = SQ4WQQ77Y9;
				INFOPLIST_FILE = POP/Info.plist;
				LD_RUNPATH_SEARCH_PATHS = (
					"$(inherited)",
					"@executable_path/Frameworks",
				);
				PRODUCT_BUNDLE_IDENTIFIER = com.centralsoft.POP;
				PRODUCT_NAME = "$(TARGET_NAME)";
				TARGETED_DEVICE_FAMILY = "1,2";
			};
			name = Release;
		};
/* End XCBuildConfiguration section */

/* Begin XCConfigurationList section */
		7F4B70A42330DA0200D8586D /* Build configuration list for PBXProject "POP" */ = {
			isa = XCConfigurationList;
			buildConfigurations = (
				7F4B70BD2330DA2A00D8586D /* Debug */,
				7F4B70BE2330DA2A00D8586D /* Release */,
			);
			defaultConfigurationIsVisible = 0;
			defaultConfigurationName = Release;
		};
		7F4B70BF2330DA2A00D8586D /* Build configuration list for PBXNativeTarget "POP" */ = {
			isa = XCConfigurationList;
			buildConfigurations = (
				7F4B70C02330DA2A00D8586D /* Debug */,
				7F4B70C12330DA2A00D8586D /* Release */,
			);
			defaultConfigurationIsVisible = 0;
			defaultConfigurationName = Release;
		};
/* End XCConfigurationList section */
	};
	rootObject = 7F4B70A12330DA0200D8586D /* Project object */;
}
